
Microsoft Visual Studio Solution File, Format Version 10.00
# Visual Studio 2008
Project("{2150E333-8FDC-42A3-9474-1A3956D46DE8}") = "Dependencies", "Dependencies", "{FA4DE67D-B939-4FCE-B926-63877902FD0D}"
EndProject
Project("{8BC9CEB8-8B4A-11D0-8D11-00A0C91BC942}") = "Jpeg", "Dependencies\jpeg\script\jpeg.vcproj", "{F860F7C3-C1A3-483D-A664-1EEE89E8533E}"
EndProject
Project("{8BC9CEB8-8B4A-11D0-8D11-00A0C91BC942}") = "SiftGPU", "Dependencies\SiftGPU\script\SiftGPU.vcproj", "{7E0E0508-3D43-4559-A66D-127C975EF30B}"
EndProject
Project("{8BC9CEB8-8B4A-11D0-8D11-00A0C91BC942}") = "tinyxml", "Dependencies\tinyxml\script\tinyxml.vcproj", "{697686E8-AB84-402D-BDEA-035E81A3B4A7}"
EndProject
Project("{8BC9CEB8-8B4A-11D0-8D11-00A0C91BC942}") = "Exif", "Dependencies\Exif\script\exif.vcproj", "{78E87D71-9E45-4BE9-A51E-2615A1DE7A82}"
EndProject
Project("{8BC9CEB8-8B4A-11D0-8D11-00A0C91BC942}") = "ThreadPool", "Dependencies\threadpool\script\threadpool.vcproj", "{EA9FDD79-5532-4CC6-9C85-EEAF24DE9E34}"
EndProject
Project("{8BC9CEB8-8B4A-11D0-8D11-00A0C91BC942}") = "Flann", "Dependencies\Flann\script\Flann.vcproj", "{83A4CDC6-BD59-4CB2-9298-4BC22AC952EC}"
EndProject
Project("{8BC9CEB8-8B4A-11D0-8D11-00A0C91BC942}") = "BundlerMatcher", "BundlerMatcher\script\BundlerMatcher.vcproj", "{07A0D900-1734-4514-8E14-5E0CA08EA99E}"
	ProjectSection(ProjectDependencies) = postProject
		{BABF5BA8-07CD-438A-9FA0-F7F1159BB8B1} = {BABF5BA8-07CD-438A-9FA0-F7F1159BB8B1}
	EndProjectSection
EndProject
Project("{8BC9CEB8-8B4A-11D0-8D11-00A0C91BC942}") = "OpenSyntherLib", "OpenSyntherLib\script\OpenSyntherLib.vcproj", "{BABF5BA8-07CD-438A-9FA0-F7F1159BB8B1}"
	ProjectSection(ProjectDependencies) = postProject
		{78E87D71-9E45-4BE9-A51E-2615A1DE7A82} = {78E87D71-9E45-4BE9-A51E-2615A1DE7A82}
		{F860F7C3-C1A3-483D-A664-1EEE89E8533E} = {F860F7C3-C1A3-483D-A664-1EEE89E8533E}
		{697686E8-AB84-402D-BDEA-035E81A3B4A7} = {697686E8-AB84-402D-BDEA-035E81A3B4A7}
		{67A19BF4-10C6-4841-96A3-6B337AF7AD63} = {67A19BF4-10C6-4841-96A3-6B337AF7AD63}
	EndProjectSection
EndProject
Project("{8BC9CEB8-8B4A-11D0-8D11-00A0C91BC942}") = "OpenSynther", "OpenSynther\script\OpenSynther.vcproj", "{030CD0AB-70E7-41B3-9319-F294D10E2A5B}"
	ProjectSection(ProjectDependencies) = postProject
		{BABF5BA8-07CD-438A-9FA0-F7F1159BB8B1} = {BABF5BA8-07CD-438A-9FA0-F7F1159BB8B1}
	EndProjectSection
EndProject
Project("{8BC9CEB8-8B4A-11D0-8D11-00A0C91BC942}") = "libmv", "Dependencies\libmv\script\libmv.vcproj", "{769A8AEB-C05C-4C17-AA63-22C0A6CE7032}"
EndProject
Project("{8BC9CEB8-8B4A-11D0-8D11-00A0C91BC942}") = "PhotoSynth2CMVS", "PhotoSynth2CMVS\script\PhotoSynth2CMVS.vcproj", "{563ABEC0-4AAE-4C34-A793-484B45C8D9B3}"
	ProjectSection(ProjectDependencies) = postProject
		{BABF5BA8-07CD-438A-9FA0-F7F1159BB8B1} = {BABF5BA8-07CD-438A-9FA0-F7F1159BB8B1}
	EndProjectSection
EndProject
Project("{8BC9CEB8-8B4A-11D0-8D11-00A0C91BC942}") = "json_spirit", "Dependencies\json_spirit\script\json_spirit.vcproj", "{F63E2D7B-0963-4BAD-93BA-16CE45ECA194}"
EndProject
Project("{8BC9CEB8-8B4A-11D0-8D11-00A0C91BC942}") = "PhotoSynthParser", "PhotoSynthParser\script\PhotoSynthParser.vcproj", "{67A19BF4-10C6-4841-96A3-6B337AF7AD63}"
	ProjectSection(ProjectDependencies) = postProject
		{F63E2D7B-0963-4BAD-93BA-16CE45ECA194} = {F63E2D7B-0963-4BAD-93BA-16CE45ECA194}
	EndProjectSection
EndProject
Project("{2150E333-8FDC-42A3-9474-1A3956D46DE8}") = "Doc", "Doc", "{A1341CB8-59AB-47E4-A2E6-59DB3AB04728}"
	ProjectSection(SolutionItems) = preProject
		TODO.txt = TODO.txt
	EndProjectSection
EndProject
Project("{8BC9CEB8-8B4A-11D0-8D11-00A0C91BC942}") = "OpenCV", "Dependencies\OpenCV\script\OpenCV.vcproj", "{9856A9F8-3497-4F13-98AD-07FDBA67914F}"
EndProject
Global
	GlobalSection(SolutionConfigurationPlatforms) = preSolution
		Debug|Win32 = Debug|Win32
		Debug|x64 = Debug|x64
		Release|Win32 = Release|Win32
		Release|x64 = Release|x64
	EndGlobalSection
	GlobalSection(ProjectConfigurationPlatforms) = postSolution
		{F860F7C3-C1A3-483D-A664-1EEE89E8533E}.Debug|Win32.ActiveCfg = Debug|Win32
		{F860F7C3-C1A3-483D-A664-1EEE89E8533E}.Debug|Win32.Build.0 = Debug|Win32
		{F860F7C3-C1A3-483D-A664-1EEE89E8533E}.Debug|x64.ActiveCfg = Debug|x64
		{F860F7C3-C1A3-483D-A664-1EEE89E8533E}.Debug|x64.Build.0 = Debug|x64
		{F860F7C3-C1A3-483D-A664-1EEE89E8533E}.Release|Win32.ActiveCfg = Release|Win32
		{F860F7C3-C1A3-483D-A664-1EEE89E8533E}.Release|Win32.Build.0 = Release|Win32
		{F860F7C3-C1A3-483D-A664-1EEE89E8533E}.Release|x64.ActiveCfg = Release|x64
		{F860F7C3-C1A3-483D-A664-1EEE89E8533E}.Release|x64.Build.0 = Release|x64
		{7E0E0508-3D43-4559-A66D-127C975EF30B}.Debug|Win32.ActiveCfg = Debug|Win32
		{7E0E0508-3D43-4559-A66D-127C975EF30B}.Debug|Win32.Build.0 = Debug|Win32
		{7E0E0508-3D43-4559-A66D-127C975EF30B}.Debug|x64.ActiveCfg = Debug|x64
		{7E0E0508-3D43-4559-A66D-127C975EF30B}.Debug|x64.Build.0 = Debug|x64
		{7E0E0508-3D43-4559-A66D-127C975EF30B}.Release|Win32.ActiveCfg = Release|Win32
		{7E0E0508-3D43-4559-A66D-127C975EF30B}.Release|Win32.Build.0 = Release|Win32
		{7E0E0508-3D43-4559-A66D-127C975EF30B}.Release|x64.ActiveCfg = Release|x64
		{7E0E0508-3D43-4559-A66D-127C975EF30B}.Release|x64.Build.0 = Release|x64
		{697686E8-AB84-402D-BDEA-035E81A3B4A7}.Debug|Win32.ActiveCfg = Debug|Win32
		{697686E8-AB84-402D-BDEA-035E81A3B4A7}.Debug|Win32.Build.0 = Debug|Win32
		{697686E8-AB84-402D-BDEA-035E81A3B4A7}.Debug|x64.ActiveCfg = Debug|x64
		{697686E8-AB84-402D-BDEA-035E81A3B4A7}.Debug|x64.Build.0 = Debug|x64
		{697686E8-AB84-402D-BDEA-035E81A3B4A7}.Release|Win32.ActiveCfg = Release|Win32
		{697686E8-AB84-402D-BDEA-035E81A3B4A7}.Release|Win32.Build.0 = Release|Win32
		{697686E8-AB84-402D-BDEA-035E81A3B4A7}.Release|x64.ActiveCfg = Release|x64
		{697686E8-AB84-402D-BDEA-035E81A3B4A7}.Release|x64.Build.0 = Release|x64
		{78E87D71-9E45-4BE9-A51E-2615A1DE7A82}.Debug|Win32.ActiveCfg = Debug|Win32
		{78E87D71-9E45-4BE9-A51E-2615A1DE7A82}.Debug|Win32.Build.0 = Debug|Win32
		{78E87D71-9E45-4BE9-A51E-2615A1DE7A82}.Debug|x64.ActiveCfg = Debug|x64
		{78E87D71-9E45-4BE9-A51E-2615A1DE7A82}.Debug|x64.Build.0 = Debug|x64
		{78E87D71-9E45-4BE9-A51E-2615A1DE7A82}.Release|Win32.ActiveCfg = Release|Win32
		{78E87D71-9E45-4BE9-A51E-2615A1DE7A82}.Release|Win32.Build.0 = Release|Win32
		{78E87D71-9E45-4BE9-A51E-2615A1DE7A82}.Release|x64.ActiveCfg = Release|x64
		{78E87D71-9E45-4BE9-A51E-2615A1DE7A82}.Release|x64.Build.0 = Release|x64
		{EA9FDD79-5532-4CC6-9C85-EEAF24DE9E34}.Debug|Win32.ActiveCfg = Debug|Win32
		{EA9FDD79-5532-4CC6-9C85-EEAF24DE9E34}.Debug|Win32.Build.0 = Debug|Win32
		{EA9FDD79-5532-4CC6-9C85-EEAF24DE9E34}.Debug|x64.ActiveCfg = Debug|x64
		{EA9FDD79-5532-4CC6-9C85-EEAF24DE9E34}.Debug|x64.Build.0 = Debug|x64
		{EA9FDD79-5532-4CC6-9C85-EEAF24DE9E34}.Release|Win32.ActiveCfg = Release|Win32
		{EA9FDD79-5532-4CC6-9C85-EEAF24DE9E34}.Release|Win32.Build.0 = Release|Win32
		{EA9FDD79-5532-4CC6-9C85-EEAF24DE9E34}.Release|x64.ActiveCfg = Release|x64
		{EA9FDD79-5532-4CC6-9C85-EEAF24DE9E34}.Release|x64.Build.0 = Release|x64
		{83A4CDC6-BD59-4CB2-9298-4BC22AC952EC}.Debug|Win32.ActiveCfg = Debug|Win32
		{83A4CDC6-BD59-4CB2-9298-4BC22AC952EC}.Debug|Win32.Build.0 = Debug|Win32
		{83A4CDC6-BD59-4CB2-9298-4BC22AC952EC}.Debug|x64.ActiveCfg = Debug|x64
		{83A4CDC6-BD59-4CB2-9298-4BC22AC952EC}.Release|Win32.ActiveCfg = Release|Win32
		{83A4CDC6-BD59-4CB2-9298-4BC22AC952EC}.Release|Win32.Build.0 = Release|Win32
		{83A4CDC6-BD59-4CB2-9298-4BC22AC952EC}.Release|x64.ActiveCfg = Release|x64
		{83A4CDC6-BD59-4CB2-9298-4BC22AC952EC}.Release|x64.Build.0 = Release|x64
		{07A0D900-1734-4514-8E14-5E0CA08EA99E}.Debug|Win32.ActiveCfg = Debug|Win32
		{07A0D900-1734-4514-8E14-5E0CA08EA99E}.Debug|Win32.Build.0 = Debug|Win32
		{07A0D900-1734-4514-8E14-5E0CA08EA99E}.Debug|x64.ActiveCfg = Debug|x64
		{07A0D900-1734-4514-8E14-5E0CA08EA99E}.Debug|x64.Build.0 = Debug|x64
		{07A0D900-1734-4514-8E14-5E0CA08EA99E}.Release|Win32.ActiveCfg = Release|Win32
		{07A0D900-1734-4514-8E14-5E0CA08EA99E}.Release|Win32.Build.0 = Release|Win32
		{07A0D900-1734-4514-8E14-5E0CA08EA99E}.Release|x64.ActiveCfg = Release|x64
		{07A0D900-1734-4514-8E14-5E0CA08EA99E}.Release|x64.Build.0 = Release|x64
		{BABF5BA8-07CD-438A-9FA0-F7F1159BB8B1}.Debug|Win32.ActiveCfg = Debug|Win32
		{BABF5BA8-07CD-438A-9FA0-F7F1159BB8B1}.Debug|Win32.Build.0 = Debug|Win32
		{BABF5BA8-07CD-438A-9FA0-F7F1159BB8B1}.Debug|x64.ActiveCfg = Debug|x64
		{BABF5BA8-07CD-438A-9FA0-F7F1159BB8B1}.Debug|x64.Build.0 = Debug|x64
		{BABF5BA8-07CD-438A-9FA0-F7F1159BB8B1}.Release|Win32.ActiveCfg = Release|Win32
		{BABF5BA8-07CD-438A-9FA0-F7F1159BB8B1}.Release|Win32.Build.0 = Release|Win32
		{BABF5BA8-07CD-438A-9FA0-F7F1159BB8B1}.Release|x64.ActiveCfg = Release|x64
		{BABF5BA8-07CD-438A-9FA0-F7F1159BB8B1}.Release|x64.Build.0 = Release|x64
		{030CD0AB-70E7-41B3-9319-F294D10E2A5B}.Debug|Win32.ActiveCfg = Debug|Win32
		{030CD0AB-70E7-41B3-9319-F294D10E2A5B}.Debug|Win32.Build.0 = Debug|Win32
		{030CD0AB-70E7-41B3-9319-F294D10E2A5B}.Debug|x64.ActiveCfg = Debug|x64
		{030CD0AB-70E7-41B3-9319-F294D10E2A5B}.Debug|x64.Build.0 = Debug|x64
		{030CD0AB-70E7-41B3-9319-F294D10E2A5B}.Release|Win32.ActiveCfg = Release|Win32
		{030CD0AB-70E7-41B3-9319-F294D10E2A5B}.Release|Win32.Build.0 = Release|Win32
		{030CD0AB-70E7-41B3-9319-F294D10E2A5B}.Release|x64.ActiveCfg = Release|x64
		{030CD0AB-70E7-41B3-9319-F294D10E2A5B}.Release|x64.Build.0 = Release|x64
		{769A8AEB-C05C-4C17-AA63-22C0A6CE7032}.Debug|Win32.ActiveCfg = Debug|Win32
		{769A8AEB-C05C-4C17-AA63-22C0A6CE7032}.Debug|Win32.Build.0 = Debug|Win32
		{769A8AEB-C05C-4C17-AA63-22C0A6CE7032}.Debug|x64.ActiveCfg = Debug|x64
		{769A8AEB-C05C-4C17-AA63-22C0A6CE7032}.Debug|x64.Build.0 = Debug|x64
		{769A8AEB-C05C-4C17-AA63-22C0A6CE7032}.Release|Win32.ActiveCfg = Release|Win32
		{769A8AEB-C05C-4C17-AA63-22C0A6CE7032}.Release|Win32.Build.0 = Release|Win32
		{769A8AEB-C05C-4C17-AA63-22C0A6CE7032}.Release|x64.ActiveCfg = Release|x64
		{563ABEC0-4AAE-4C34-A793-484B45C8D9B3}.Debug|Win32.ActiveCfg = Debug|Win32
		{563ABEC0-4AAE-4C34-A793-484B45C8D9B3}.Debug|Win32.Build.0 = Debug|Win32
		{563ABEC0-4AAE-4C34-A793-484B45C8D9B3}.Debug|x64.ActiveCfg = Debug|x64
		{563ABEC0-4AAE-4C34-A793-484B45C8D9B3}.Debug|x64.Build.0 = Debug|x64
		{563ABEC0-4AAE-4C34-A793-484B45C8D9B3}.Release|Win32.ActiveCfg = Release|Win32
		{563ABEC0-4AAE-4C34-A793-484B45C8D9B3}.Release|Win32.Build.0 = Release|Win32
		{563ABEC0-4AAE-4C34-A793-484B45C8D9B3}.Release|x64.ActiveCfg = Release|x64
		{563ABEC0-4AAE-4C34-A793-484B45C8D9B3}.Release|x64.Build.0 = Release|x64
		{F63E2D7B-0963-4BAD-93BA-16CE45ECA194}.Debug|Win32.ActiveCfg = Debug|Win32
		{F63E2D7B-0963-4BAD-93BA-16CE45ECA194}.Debug|Win32.Build.0 = Debug|Win32
		{F63E2D7B-0963-4BAD-93BA-16CE45ECA194}.Debug|x64.ActiveCfg = Debug|x64
		{F63E2D7B-0963-4BAD-93BA-16CE45ECA194}.Debug|x64.Build.0 = Debug|x64
		{F63E2D7B-0963-4BAD-93BA-16CE45ECA194}.Release|Win32.ActiveCfg = Release|Win32
		{F63E2D7B-0963-4BAD-93BA-16CE45ECA194}.Release|Win32.Build.0 = Release|Win32
		{F63E2D7B-0963-4BAD-93BA-16CE45ECA194}.Release|x64.ActiveCfg = Release|x64
		{F63E2D7B-0963-4BAD-93BA-16CE45ECA194}.Release|x64.Build.0 = Release|x64
		{67A19BF4-10C6-4841-96A3-6B337AF7AD63}.Debug|Win32.ActiveCfg = Debug|Win32
		{67A19BF4-10C6-4841-96A3-6B337AF7AD63}.Debug|Win32.Build.0 = Debug|Win32
		{67A19BF4-10C6-4841-96A3-6B337AF7AD63}.Debug|x64.ActiveCfg = Debug|x64
		{67A19BF4-10C6-4841-96A3-6B337AF7AD63}.Debug|x64.Build.0 = Debug|x64
		{67A19BF4-10C6-4841-96A3-6B337AF7AD63}.Release|Win32.ActiveCfg = Release|Win32
		{67A19BF4-10C6-4841-96A3-6B337AF7AD63}.Release|Win32.Build.0 = Release|Win32
		{67A19BF4-10C6-4841-96A3-6B337AF7AD63}.Release|x64.ActiveCfg = Release|x64
		{67A19BF4-10C6-4841-96A3-6B337AF7AD63}.Release|x64.Build.0 = Release|x64
		{9856A9F8-3497-4F13-98AD-07FDBA67914F}.Debug|Win32.ActiveCfg = Debug|Win32
		{9856A9F8-3497-4F13-98AD-07FDBA67914F}.Debug|Win32.Build.0 = Debug|Win32
		{9856A9F8-3497-4F13-98AD-07FDBA67914F}.Debug|x64.ActiveCfg = Debug|x64
		{9856A9F8-3497-4F13-98AD-07FDBA67914F}.Release|Win32.ActiveCfg = Release|Win32
		{9856A9F8-3497-4F13-98AD-07FDBA67914F}.Release|Win32.Build.0 = Release|Win32
		{9856A9F8-3497-4F13-98AD-07FDBA67914F}.Release|x64.ActiveCfg = Release|x64
	EndGlobalSection
	GlobalSection(SolutionProperties) = preSolution
		HideSolutionNode = FALSE
	EndGlobalSection
	GlobalSection(NestedProjects) = preSolution
		{F860F7C3-C1A3-483D-A664-1EEE89E8533E} = {FA4DE67D-B939-4FCE-B926-63877902FD0D}
		{7E0E0508-3D43-4559-A66D-127C975EF30B} = {FA4DE67D-B939-4FCE-B926-63877902FD0D}
		{697686E8-AB84-402D-BDEA-035E81A3B4A7} = {FA4DE67D-B939-4FCE-B926-63877902FD0D}
		{78E87D71-9E45-4BE9-A51E-2615A1DE7A82} = {FA4DE67D-B939-4FCE-B926-63877902FD0D}
		{EA9FDD79-5532-4CC6-9C85-EEAF24DE9E34} = {FA4DE67D-B939-4FCE-B926-63877902FD0D}
		{83A4CDC6-BD59-4CB2-9298-4BC22AC952EC} = {FA4DE67D-B939-4FCE-B926-63877902FD0D}
		{769A8AEB-C05C-4C17-AA63-22C0A6CE7032} = {FA4DE67D-B939-4FCE-B926-63877902FD0D}
		{F63E2D7B-0963-4BAD-93BA-16CE45ECA194} = {FA4DE67D-B939-4FCE-B926-63877902FD0D}
		{9856A9F8-3497-4F13-98AD-07FDBA67914F} = {FA4DE67D-B939-4FCE-B926-63877902FD0D}
	EndGlobalSection
EndGlobal
